<?xml version="1.0" encoding="utf-8"?>
<Project ToolsVersion="14.0" xmlns="http://schemas.microsoft.com/developer/msbuild/2003">
  <ItemGroup>
    <Filter Include="Resources">
      <UniqueIdentifier>8faae87d-851c-486b-9464-07654f441825</UniqueIdentifier>
      <Extensions>rc;ico;cur;bmp;dlg;rc2;rct;bin;rgs;gif;jpg;jpeg;jpe;resx;tga;tiff;tif;png;wav;mfcribbon-ms</Extensions>
    </Filter>
  </ItemGroup>
  <ItemGroup>
    <Xml Include="interface.xml" />
  </ItemGroup>
  <ItemGroup>
    <None Include="RunAllJoynGenerator.bat" />
  </ItemGroup>
  <ItemGroup>
    <ClCompile Include="AllJoynBusObjectManager.cpp" />
    <ClCompile Include="AllJoynHelpers.cpp" />
    <ClCompile Include="fezHatConsumer.cpp" />
    <ClCompile Include="fezHatProducer.cpp" />
    <ClCompile Include="fezHatServiceEventAdapter.cpp" />
    <ClCompile Include="fezHatServiceEventArgs.cpp" />
    <ClCompile Include="fezHatSignals.cpp" />
    <ClCompile Include="fezHatWatcher.cpp" />
    <ClCompile Include="pch.cpp" />
    <ClCompile Include="TypeConversionHelpers.cpp" />
  </ItemGroup>
  <ItemGroup>
    <ClInclude Include="AllJoynBusObjectManager.h" />
    <ClInclude Include="AllJoynHelpers.h" />
    <ClInclude Include="fezHatConsumer.h" />
    <ClInclude Include="fezHatEventArgs.h" />
    <ClInclude Include="fezHatMethodResults.h" />
    <ClInclude Include="fezHatProducer.h" />
    <ClInclude Include="fezHatServiceEventAdapter.h" />
    <ClInclude Include="fezHatServiceEventArgs.h" />
    <ClInclude Include="fezHatSignals.h" />
    <ClInclude Include="fezHatStructures.h" />
    <ClInclude Include="fezHatWatcher.h" />
    <ClInclude Include="IfezHatService.h" />
    <ClInclude Include="pch.h" />
    <ClInclude Include="TypeConversionHelpers.h" />
  </ItemGroup>
</Project>