
Microsoft Visual Studio Solution File, Format Version 12.00
# Visual Studio 14
VisualStudioVersion = 14.0.23107.0
MinimumVisualStudioVersion = 10.0.40219.1
Project("{FAE04EC0-301F-11D3-BF4B-00C04F79EFBC}") = "FezHatAllJoynConsumer", "FezHatAllJoynConsumer\FezHatAllJoynConsumer.csproj", "{B208DCBB-BCC4-4208-A4AA-C3B378A80BDA}"
EndProject
Project("{2150E333-8FDC-42A3-9474-1A3956D46DE8}") = "Solution Items", "Solution Items", "{2CE04B3A-5DD5-4996-B110-F2185F152C5C}"
	ProjectSection(SolutionItems) = preProject
		interface.xml = interface.xml
	EndProjectSection
EndProject
Project("{8BC9CEB8-8B4A-11D0-8D11-00A0C91BC942}") = "com.ianlee.fezhatnode", "com.ianlee.fezhatnode\com.ianlee.fezhatnode.vcxproj", "{F65A6D73-75B4-4629-8275-897073E065B7}"
EndProject
Project("{FAE04EC0-301F-11D3-BF4B-00C04F79EFBC}") = "GHIElectronics.UAP.Shields.FEZHAT", "..\..\..\ghi_elect\windows-iot\Shields\FEZ HAT\GHIElectronics.UAP.Shields.FEZHAT.csproj", "{173D0FFA-C307-4247-9F2A-7C82F50C1B2E}"
EndProject
Project("{FAE04EC0-301F-11D3-BF4B-00C04F79EFBC}") = "GHIElectronics.UAP.Drivers", "..\..\..\ghi_elect\windows-iot\Drivers\GHIElectronics.UAP.Drivers.csproj", "{12B58484-F52B-484A-85A3-E3763E366511}"
EndProject
Global
	GlobalSection(SolutionConfigurationPlatforms) = preSolution
		Debug|Any CPU = Debug|Any CPU
		Debug|ARM = Debug|ARM
		Debug|x64 = Debug|x64
		Debug|x86 = Debug|x86
		Release|Any CPU = Release|Any CPU
		Release|ARM = Release|ARM
		Release|x64 = Release|x64
		Release|x86 = Release|x86
	EndGlobalSection
	GlobalSection(ProjectConfigurationPlatforms) = postSolution
		{B208DCBB-BCC4-4208-A4AA-C3B378A80BDA}.Debug|Any CPU.ActiveCfg = Debug|x86
		{B208DCBB-BCC4-4208-A4AA-C3B378A80BDA}.Debug|ARM.ActiveCfg = Debug|ARM
		{B208DCBB-BCC4-4208-A4AA-C3B378A80BDA}.Debug|ARM.Build.0 = Debug|ARM
		{B208DCBB-BCC4-4208-A4AA-C3B378A80BDA}.Debug|ARM.Deploy.0 = Debug|ARM
		{B208DCBB-BCC4-4208-A4AA-C3B378A80BDA}.Debug|x64.ActiveCfg = Debug|x64
		{B208DCBB-BCC4-4208-A4AA-C3B378A80BDA}.Debug|x64.Build.0 = Debug|x64
		{B208DCBB-BCC4-4208-A4AA-C3B378A80BDA}.Debug|x64.Deploy.0 = Debug|x64
		{B208DCBB-BCC4-4208-A4AA-C3B378A80BDA}.Debug|x86.ActiveCfg = Debug|x86
		{B208DCBB-BCC4-4208-A4AA-C3B378A80BDA}.Debug|x86.Build.0 = Debug|x86
		{B208DCBB-BCC4-4208-A4AA-C3B378A80BDA}.Debug|x86.Deploy.0 = Debug|x86
		{B208DCBB-BCC4-4208-A4AA-C3B378A80BDA}.Release|Any CPU.ActiveCfg = Release|x86
		{B208DCBB-BCC4-4208-A4AA-C3B378A80BDA}.Release|ARM.ActiveCfg = Release|ARM
		{B208DCBB-BCC4-4208-A4AA-C3B378A80BDA}.Release|ARM.Build.0 = Release|ARM
		{B208DCBB-BCC4-4208-A4AA-C3B378A80BDA}.Release|ARM.Deploy.0 = Release|ARM
		{B208DCBB-BCC4-4208-A4AA-C3B378A80BDA}.Release|x64.ActiveCfg = Release|x64
		{B208DCBB-BCC4-4208-A4AA-C3B378A80BDA}.Release|x64.Build.0 = Release|x64
		{B208DCBB-BCC4-4208-A4AA-C3B378A80BDA}.Release|x64.Deploy.0 = Release|x64
		{B208DCBB-BCC4-4208-A4AA-C3B378A80BDA}.Release|x86.ActiveCfg = Release|x86
		{B208DCBB-BCC4-4208-A4AA-C3B378A80BDA}.Release|x86.Build.0 = Release|x86
		{B208DCBB-BCC4-4208-A4AA-C3B378A80BDA}.Release|x86.Deploy.0 = Release|x86
		{F65A6D73-75B4-4629-8275-897073E065B7}.Debug|Any CPU.ActiveCfg = Debug|Win32
		{F65A6D73-75B4-4629-8275-897073E065B7}.Debug|ARM.ActiveCfg = Debug|ARM
		{F65A6D73-75B4-4629-8275-897073E065B7}.Debug|ARM.Build.0 = Debug|ARM
		{F65A6D73-75B4-4629-8275-897073E065B7}.Debug|x64.ActiveCfg = Debug|x64
		{F65A6D73-75B4-4629-8275-897073E065B7}.Debug|x64.Build.0 = Debug|x64
		{F65A6D73-75B4-4629-8275-897073E065B7}.Debug|x86.ActiveCfg = Debug|Win32
		{F65A6D73-75B4-4629-8275-897073E065B7}.Debug|x86.Build.0 = Debug|Win32
		{F65A6D73-75B4-4629-8275-897073E065B7}.Release|Any CPU.ActiveCfg = Release|Win32
		{F65A6D73-75B4-4629-8275-897073E065B7}.Release|ARM.ActiveCfg = Release|ARM
		{F65A6D73-75B4-4629-8275-897073E065B7}.Release|ARM.Build.0 = Release|ARM
		{F65A6D73-75B4-4629-8275-897073E065B7}.Release|x64.ActiveCfg = Release|x64
		{F65A6D73-75B4-4629-8275-897073E065B7}.Release|x64.Build.0 = Release|x64
		{F65A6D73-75B4-4629-8275-897073E065B7}.Release|x86.ActiveCfg = Release|Win32
		{F65A6D73-75B4-4629-8275-897073E065B7}.Release|x86.Build.0 = Release|Win32
		{173D0FFA-C307-4247-9F2A-7C82F50C1B2E}.Debug|Any CPU.ActiveCfg = Debug|Any CPU
		{173D0FFA-C307-4247-9F2A-7C82F50C1B2E}.Debug|Any CPU.Build.0 = Debug|Any CPU
		{173D0FFA-C307-4247-9F2A-7C82F50C1B2E}.Debug|ARM.ActiveCfg = Debug|ARM
		{173D0FFA-C307-4247-9F2A-7C82F50C1B2E}.Debug|ARM.Build.0 = Debug|ARM
		{173D0FFA-C307-4247-9F2A-7C82F50C1B2E}.Debug|x64.ActiveCfg = Debug|x64
		{173D0FFA-C307-4247-9F2A-7C82F50C1B2E}.Debug|x64.Build.0 = Debug|x64
		{173D0FFA-C307-4247-9F2A-7C82F50C1B2E}.Debug|x86.ActiveCfg = Debug|x86
		{173D0FFA-C307-4247-9F2A-7C82F50C1B2E}.Debug|x86.Build.0 = Debug|x86
		{173D0FFA-C307-4247-9F2A-7C82F50C1B2E}.Release|Any CPU.ActiveCfg = Release|Any CPU
		{173D0FFA-C307-4247-9F2A-7C82F50C1B2E}.Release|Any CPU.Build.0 = Release|Any CPU
		{173D0FFA-C307-4247-9F2A-7C82F50C1B2E}.Release|ARM.ActiveCfg = Release|ARM
		{173D0FFA-C307-4247-9F2A-7C82F50C1B2E}.Release|ARM.Build.0 = Release|ARM
		{173D0FFA-C307-4247-9F2A-7C82F50C1B2E}.Release|x64.ActiveCfg = Release|x64
		{173D0FFA-C307-4247-9F2A-7C82F50C1B2E}.Release|x64.Build.0 = Release|x64
		{173D0FFA-C307-4247-9F2A-7C82F50C1B2E}.Release|x86.ActiveCfg = Release|x86
		{173D0FFA-C307-4247-9F2A-7C82F50C1B2E}.Release|x86.Build.0 = Release|x86
		{12B58484-F52B-484A-85A3-E3763E366511}.Debug|Any CPU.ActiveCfg = Debug|Any CPU
		{12B58484-F52B-484A-85A3-E3763E366511}.Debug|Any CPU.Build.0 = Debug|Any CPU
		{12B58484-F52B-484A-85A3-E3763E366511}.Debug|ARM.ActiveCfg = Debug|ARM
		{12B58484-F52B-484A-85A3-E3763E366511}.Debug|ARM.Build.0 = Debug|ARM
		{12B58484-F52B-484A-85A3-E3763E366511}.Debug|x64.ActiveCfg = Debug|x64
		{12B58484-F52B-484A-85A3-E3763E366511}.Debug|x64.Build.0 = Debug|x64
		{12B58484-F52B-484A-85A3-E3763E366511}.Debug|x86.ActiveCfg = Debug|x86
		{12B58484-F52B-484A-85A3-E3763E366511}.Debug|x86.Build.0 = Debug|x86
		{12B58484-F52B-484A-85A3-E3763E366511}.Release|Any CPU.ActiveCfg = Release|Any CPU
		{12B58484-F52B-484A-85A3-E3763E366511}.Release|Any CPU.Build.0 = Release|Any CPU
		{12B58484-F52B-484A-85A3-E3763E366511}.Release|ARM.ActiveCfg = Release|ARM
		{12B58484-F52B-484A-85A3-E3763E366511}.Release|ARM.Build.0 = Release|ARM
		{12B58484-F52B-484A-85A3-E3763E366511}.Release|x64.ActiveCfg = Release|x64
		{12B58484-F52B-484A-85A3-E3763E366511}.Release|x64.Build.0 = Release|x64
		{12B58484-F52B-484A-85A3-E3763E366511}.Release|x86.ActiveCfg = Release|x86
		{12B58484-F52B-484A-85A3-E3763E366511}.Release|x86.Build.0 = Release|x86
	EndGlobalSection
	GlobalSection(SolutionProperties) = preSolution
		HideSolutionNode = FALSE
	EndGlobalSection
EndGlobal
